
Microsoft Visual Studio Solution File, Format Version 12.00
# Visual Studio Version 16
VisualStudioVersion = 16.0.31624.102
MinimumVisualStudioVersion = 10.0.40219.1
Project("{FAE04EC0-301F-11D3-BF4B-00C04F79EFBC}") = "61-react_people_backend", "61-react_people_backend\61-react_people_backend.csproj", "{5218A2BB-E793-4FA3-91BE-6B6E6E389306}"
EndProject
Project("{FAE04EC0-301F-11D3-BF4B-00C04F79EFBC}") = "61-react_people_backend.Data", "61-react_people_backend.Data\61-react_people_backend.Data.csproj", "{4FE341E3-7233-4FF2-A285-5E49E09102E1}"
EndProject
Global
	GlobalSection(SolutionConfigurationPlatforms) = preSolution
		Debug|Any CPU = Debug|Any CPU
		Release|Any CPU = Release|Any CPU
	EndGlobalSection
	GlobalSection(ProjectConfigurationPlatforms) = postSolution
		{5218A2BB-E793-4FA3-91BE-6B6E6E389306}.Debug|Any CPU.ActiveCfg = Debug|Any CPU
		{5218A2BB-E793-4FA3-91BE-6B6E6E389306}.Debug|Any CPU.Build.0 = Debug|Any CPU
		{5218A2BB-E793-4FA3-91BE-6B6E6E389306}.Release|Any CPU.ActiveCfg = Release|Any CPU
		{5218A2BB-E793-4FA3-91BE-6B6E6E389306}.Release|Any CPU.Build.0 = Release|Any CPU
		{4FE341E3-7233-4FF2-A285-5E49E09102E1}.Debug|Any CPU.ActiveCfg = Debug|Any CPU
		{4FE341E3-7233-4FF2-A285-5E49E09102E1}.Debug|Any CPU.Build.0 = Debug|Any CPU
		{4FE341E3-7233-4FF2-A285-5E49E09102E1}.Release|Any CPU.ActiveCfg = Release|Any CPU
		{4FE341E3-7233-4FF2-A285-5E49E09102E1}.Release|Any CPU.Build.0 = Release|Any CPU
	EndGlobalSection
	GlobalSection(SolutionProperties) = preSolution
		HideSolutionNode = FALSE
	EndGlobalSection
	GlobalSection(ExtensibilityGlobals) = postSolution
		SolutionGuid = {F873A39B-3E94-4614-A684-684BA34F408D}
	EndGlobalSection
EndGlobal
